
Microsoft Visual Studio Solution File, Format Version 12.00
# Visual Studio Version 16
VisualStudioVersion = 16.0.29926.136
MinimumVisualStudioVersion = 10.0.40219.1
Project("{FAE04EC0-301F-11D3-BF4B-00C04F79EFBC}") = "I-Series", "I-Series\I-Series.csproj", "{D324451C-E75A-48AB-8FAB-984B11C5EB41}"
EndProject
Global
	GlobalSection(SolutionConfigurationPlatforms) = preSolution
		Debug|Any CPU = Debug|Any CPU
		Release|Any CPU = Release|Any CPU
	EndGlobalSection
	GlobalSection(ProjectConfigurationPlatforms) = postSolution
		{D324451C-E75A-48AB-8FAB-984B11C5EB41}.Debug|Any CPU.ActiveCfg = Debug|Any CPU
		{D324451C-E75A-48AB-8FAB-984B11C5EB41}.Debug|Any CPU.Build.0 = Debug|Any CPU
		{D324451C-E75A-48AB-8FAB-984B11C5EB41}.Release|Any CPU.ActiveCfg = Release|Any CPU
		{D324451C-E75A-48AB-8FAB-984B11C5EB41}.Release|Any CPU.Build.0 = Release|Any CPU
	EndGlobalSection
	GlobalSection(SolutionProperties) = preSolution
		HideSolutionNode = FALSE
	EndGlobalSection
	GlobalSection(ExtensibilityGlobals) = postSolution
		SolutionGuid = {2212DBBF-46F6-4037-ABFB-89602CFF4152}
	EndGlobalSection
EndGlobal
